
Microsoft Visual Studio Solution File, Format Version 12.00
# Visual Studio Version 17
VisualStudioVersion = 17.1.32319.34
MinimumVisualStudioVersion = 10.0.40219.1
Project("{FAE04EC0-301F-11D3-BF4B-00C04F79EFBC}") = "bgBlazor.Server", "bgBlazor\Server\bgBlazor.Server.csproj", "{F82923EC-602E-4B94-B972-5FCBB5E66E40}"
EndProject
Project("{FAE04EC0-301F-11D3-BF4B-00C04F79EFBC}") = "bgBlazor.Client", "bgBlazor\Client\bgBlazor.Client.csproj", "{08B68539-D07C-4FA7-B083-688FF029C8FE}"
EndProject
Project("{FAE04EC0-301F-11D3-BF4B-00C04F79EFBC}") = "bgBlazor.Shared", "bgBlazor\Shared\bgBlazor.Shared.csproj", "{D98C300A-2F09-40B3-9A97-F015C1F31317}"
EndProject
Global
	GlobalSection(SolutionConfigurationPlatforms) = preSolution
		Debug|Any CPU = Debug|Any CPU
		Release|Any CPU = Release|Any CPU
	EndGlobalSection
	GlobalSection(ProjectConfigurationPlatforms) = postSolution
		{F82923EC-602E-4B94-B972-5FCBB5E66E40}.Debug|Any CPU.ActiveCfg = Debug|Any CPU
		{F82923EC-602E-4B94-B972-5FCBB5E66E40}.Debug|Any CPU.Build.0 = Debug|Any CPU
		{F82923EC-602E-4B94-B972-5FCBB5E66E40}.Release|Any CPU.ActiveCfg = Release|Any CPU
		{F82923EC-602E-4B94-B972-5FCBB5E66E40}.Release|Any CPU.Build.0 = Release|Any CPU
		{08B68539-D07C-4FA7-B083-688FF029C8FE}.Debug|Any CPU.ActiveCfg = Debug|Any CPU
		{08B68539-D07C-4FA7-B083-688FF029C8FE}.Debug|Any CPU.Build.0 = Debug|Any CPU
		{08B68539-D07C-4FA7-B083-688FF029C8FE}.Release|Any CPU.ActiveCfg = Release|Any CPU
		{08B68539-D07C-4FA7-B083-688FF029C8FE}.Release|Any CPU.Build.0 = Release|Any CPU
		{D98C300A-2F09-40B3-9A97-F015C1F31317}.Debug|Any CPU.ActiveCfg = Debug|Any CPU
		{D98C300A-2F09-40B3-9A97-F015C1F31317}.Debug|Any CPU.Build.0 = Debug|Any CPU
		{D98C300A-2F09-40B3-9A97-F015C1F31317}.Release|Any CPU.ActiveCfg = Release|Any CPU
		{D98C300A-2F09-40B3-9A97-F015C1F31317}.Release|Any CPU.Build.0 = Release|Any CPU
	EndGlobalSection
	GlobalSection(SolutionProperties) = preSolution
		HideSolutionNode = FALSE
	EndGlobalSection
	GlobalSection(ExtensibilityGlobals) = postSolution
		SolutionGuid = {82E0FB0C-9431-47F9-B9F5-6F032220D1E8}
	EndGlobalSection
EndGlobal
